
Microsoft Visual Studio Solution File, Format Version 12.00
# Visual Studio Version 17
VisualStudioVersion = 17.10.35201.131
MinimumVisualStudioVersion = 10.0.40219.1
Project("{FAE04EC0-301F-11D3-BF4B-00C04F79EFBC}") = "NpHttpClientTestApp", "NpHttpClientTestApp\NpHttpClientTestApp.csproj", "{CCF59A9B-A119-4E58-AF94-DF76306B563F}"
EndProject
Project("{FAE04EC0-301F-11D3-BF4B-00C04F79EFBC}") = "NpHttpClientReaderApp", "NpHttpClientReaderApp\NpHttpClientReaderApp.csproj", "{7D3C1994-87D9-4498-8C89-E720D700D0EF}"
EndProject
Global
	GlobalSection(SolutionConfigurationPlatforms) = preSolution
		Debug|Any CPU = Debug|Any CPU
		Release|Any CPU = Release|Any CPU
	EndGlobalSection
	GlobalSection(ProjectConfigurationPlatforms) = postSolution
		{CCF59A9B-A119-4E58-AF94-DF76306B563F}.Debug|Any CPU.ActiveCfg = Debug|Any CPU
		{CCF59A9B-A119-4E58-AF94-DF76306B563F}.Debug|Any CPU.Build.0 = Debug|Any CPU
		{CCF59A9B-A119-4E58-AF94-DF76306B563F}.Release|Any CPU.ActiveCfg = Release|Any CPU
		{CCF59A9B-A119-4E58-AF94-DF76306B563F}.Release|Any CPU.Build.0 = Release|Any CPU
		{7D3C1994-87D9-4498-8C89-E720D700D0EF}.Debug|Any CPU.ActiveCfg = Debug|Any CPU
		{7D3C1994-87D9-4498-8C89-E720D700D0EF}.Debug|Any CPU.Build.0 = Debug|Any CPU
		{7D3C1994-87D9-4498-8C89-E720D700D0EF}.Release|Any CPU.ActiveCfg = Release|Any CPU
		{7D3C1994-87D9-4498-8C89-E720D700D0EF}.Release|Any CPU.Build.0 = Release|Any CPU
	EndGlobalSection
	GlobalSection(SolutionProperties) = preSolution
		HideSolutionNode = FALSE
	EndGlobalSection
	GlobalSection(ExtensibilityGlobals) = postSolution
		SolutionGuid = {ED5FDCA2-055A-4E7E-884D-1A9BD123C37A}
	EndGlobalSection
EndGlobal
